
Microsoft Visual Studio Solution File, Format Version 12.00
# Visual Studio Version 17
VisualStudioVersion = 17.2.32519.379
MinimumVisualStudioVersion = 10.0.40219.1
Project("{9A19103F-16F7-4668-BE54-9A1E7A4F7556}") = "vsic", "vsic\vsic.csproj", "{092BF607-6E51-441C-85D0-A81B98371FBA}"
EndProject
Global
	GlobalSection(SolutionConfigurationPlatforms) = preSolution
		Debug|Any CPU = Debug|Any CPU
		Release|Any CPU = Release|Any CPU
	EndGlobalSection
	GlobalSection(ProjectConfigurationPlatforms) = postSolution
		{092BF607-6E51-441C-85D0-A81B98371FBA}.Debug|Any CPU.ActiveCfg = Debug|Any CPU
		{092BF607-6E51-441C-85D0-A81B98371FBA}.Debug|Any CPU.Build.0 = Debug|Any CPU
		{092BF607-6E51-441C-85D0-A81B98371FBA}.Release|Any CPU.ActiveCfg = Release|Any CPU
		{092BF607-6E51-441C-85D0-A81B98371FBA}.Release|Any CPU.Build.0 = Release|Any CPU
	EndGlobalSection
	GlobalSection(SolutionProperties) = preSolution
		HideSolutionNode = FALSE
	EndGlobalSection
	GlobalSection(ExtensibilityGlobals) = postSolution
		SolutionGuid = {0F710F53-FF77-460C-BF91-E35017CAE88C}
	EndGlobalSection
EndGlobal
